
Microsoft Visual Studio Solution File, Format Version 12.00
# Visual Studio 2013
VisualStudioVersion = 12.0.21005.1
MinimumVisualStudioVersion = 10.0.40219.1
Project("{FAE04EC0-301F-11D3-BF4B-00C04F79EFBC}") = "YACL", "YACL\YACL.csproj", "{FE6EF38B-9361-4A98-A232-16D9315A4D2C}"
EndProject
Global
	GlobalSection(SolutionConfigurationPlatforms) = preSolution
		Debug|Any CPU = Debug|Any CPU
		Release|Any CPU = Release|Any CPU
	EndGlobalSection
	GlobalSection(ProjectConfigurationPlatforms) = postSolution
		{FE6EF38B-9361-4A98-A232-16D9315A4D2C}.Debug|Any CPU.ActiveCfg = Debug|Any CPU
		{FE6EF38B-9361-4A98-A232-16D9315A4D2C}.Debug|Any CPU.Build.0 = Debug|Any CPU
		{FE6EF38B-9361-4A98-A232-16D9315A4D2C}.Release|Any CPU.ActiveCfg = Release|Any CPU
		{FE6EF38B-9361-4A98-A232-16D9315A4D2C}.Release|Any CPU.Build.0 = Release|Any CPU
	EndGlobalSection
	GlobalSection(SolutionProperties) = preSolution
		HideSolutionNode = FALSE
	EndGlobalSection
EndGlobal
